# THIS IS AN AUTOGENERATED FILE. DO NOT EDIT THIS FILE DIRECTLY.
# yarn lockfile v1


confetti-js@^0.0.18:
  version "0.0.18"
  resolved "https://registry.yarnpkg.com/confetti-js/-/confetti-js-0.0.18.tgz#1ecdc74f78cd65e6a549becb94315f2a21900022"
  integrity sha512-0B7pYmZGBZuBkN32ydjWRpJLfRUT9KZYkQKkC4SGrAsUq0XE2DLY5foCWBXMXXVg7sFKs3qIb+qsDx1eFTeSvA==
